
Microsoft Visual Studio Solution File, Format Version 12.00
# Visual Studio Version 17
VisualStudioVersion = 17.4.33205.214
MinimumVisualStudioVersion = 10.0.40219.1
Project("{FAE04EC0-301F-11D3-BF4B-00C04F79EFBC}") = "matlab2a", "matlab2a\matlab2a.csproj", "{90A3950A-650B-4932-8880-F018EA2F9926}"
EndProject
Global
	GlobalSection(SolutionConfigurationPlatforms) = preSolution
		Debug|Any CPU = Debug|Any CPU
		Release|Any CPU = Release|Any CPU
	EndGlobalSection
	GlobalSection(ProjectConfigurationPlatforms) = postSolution
		{90A3950A-650B-4932-8880-F018EA2F9926}.Debug|Any CPU.ActiveCfg = Debug|Any CPU
		{90A3950A-650B-4932-8880-F018EA2F9926}.Debug|Any CPU.Build.0 = Debug|Any CPU
		{90A3950A-650B-4932-8880-F018EA2F9926}.Release|Any CPU.ActiveCfg = Release|Any CPU
		{90A3950A-650B-4932-8880-F018EA2F9926}.Release|Any CPU.Build.0 = Release|Any CPU
	EndGlobalSection
	GlobalSection(SolutionProperties) = preSolution
		HideSolutionNode = FALSE
	EndGlobalSection
	GlobalSection(ExtensibilityGlobals) = postSolution
		SolutionGuid = {84325716-9828-437B-BD2B-182260AE859A}
	EndGlobalSection
EndGlobal
