
Microsoft Visual Studio Solution File, Format Version 12.00
# Visual Studio Version 17
VisualStudioVersion = 17.4.33205.214
MinimumVisualStudioVersion = 10.0.40219.1
Project("{FAE04EC0-301F-11D3-BF4B-00C04F79EFBC}") = "matlab2aBrichak", "matlab2aBrichak\matlab2aBrichak.csproj", "{FCB543F8-EA1B-4C1F-B12C-4AE74FC9E681}"
EndProject
Global
	GlobalSection(SolutionConfigurationPlatforms) = preSolution
		Debug|Any CPU = Debug|Any CPU
		Release|Any CPU = Release|Any CPU
	EndGlobalSection
	GlobalSection(ProjectConfigurationPlatforms) = postSolution
		{FCB543F8-EA1B-4C1F-B12C-4AE74FC9E681}.Debug|Any CPU.ActiveCfg = Debug|Any CPU
		{FCB543F8-EA1B-4C1F-B12C-4AE74FC9E681}.Debug|Any CPU.Build.0 = Debug|Any CPU
		{FCB543F8-EA1B-4C1F-B12C-4AE74FC9E681}.Release|Any CPU.ActiveCfg = Release|Any CPU
		{FCB543F8-EA1B-4C1F-B12C-4AE74FC9E681}.Release|Any CPU.Build.0 = Release|Any CPU
	EndGlobalSection
	GlobalSection(SolutionProperties) = preSolution
		HideSolutionNode = FALSE
	EndGlobalSection
	GlobalSection(ExtensibilityGlobals) = postSolution
		SolutionGuid = {FF9F0EDA-8D1A-456E-AABE-52EAA5025970}
	EndGlobalSection
EndGlobal
